# This file is automatically @generated by Cargo.
# It is not intended for manual editing.
version = 4

[[package]]
name = "outlap-batch"
version = "0.1.0"

[[package]]
name = "outlap-core"
version = "0.1.0"

[[package]]
name = "outlap-powertrain"
version = "0.1.0"

[[package]]
name = "outlap-py"
version = "0.1.0"

[[package]]
name = "outlap-qss"
version = "0.1.0"

[[package]]
name = "outlap-schema"
version = "0.1.0"

[[package]]
name = "outlap-tire"
version = "0.1.0"

[[package]]
name = "outlap-track"
version = "0.1.0"

[[package]]
name = "outlap-transient"
version = "0.1.0"

[[package]]
name = "outlap-vehicle"
version = "0.1.0"

[[package]]
name = "outlap-wasm"
version = "0.1.0"
